# This file is autogenerated, do not edit; changes may be undone by the next 'dep ensure'.


[[projects]]
  name = "github.com/Microsoft/go-winio"
  packages = ["."]
  revision = "f533f7a102197536779ea3a8cb881d639e21ec5a"
  version = "v0.4.2"

[[projects]]
  name = "github.com/Sirupsen/logrus"
  packages = ["."]
  revision = "5e5dc898656f695e2a086b8e12559febbfc01562"

[[projects]]
  name = "github.com/Songmu/prompter"
  packages = ["."]
  revision = "b5721e8d556682bcef33262731d98a39dee14dc4"
  version = "0.1.0"

[[projects]]
  branch = "master"
  name = "github.com/alecthomas/template"
  packages = [".","parse"]
  revision = "a0175ee3bccc567396460bf5acd36800cb10c49c"

[[projects]]
  branch = "master"
  name = "github.com/alecthomas/units"
  packages = ["."]
  revision = "2efee857e7cfd4f3d0138cc3cbb1b4966962b93a"

[[projects]]
  name = "github.com/aws/aws-sdk-go"
  packages = ["aws","aws/awserr","aws/awsutil","aws/client","aws/client/metadata","aws/corehandlers","aws/credentials","aws/credentials/ec2rolecreds","aws/defaults","aws/ec2metadata","aws/request","aws/session","private/endpoints","private/protocol/json/jsonutil","private/protocol/jsonrpc","private/protocol/query","private/protocol/query/queryutil","private/protocol/rest","private/protocol/restjson","private/protocol/xml/xmlutil","private/signer/v4","private/waiter","service/iam","service/lambda","service/lambda/lambdaiface","service/sqs"]
  revision = "87b1e60a50b09e4812dee560b33a238f67305804"

[[projects]]
  name = "github.com/davecgh/go-spew"
  packages = ["spew"]
  revision = "5215b55f46b2b919f50a1df0eaa5886afe4e3b3d"

[[projects]]
  name = "github.com/docker/distribution"
  packages = [".","context","digestset","manifest","manifest/manifestlist","reference","uuid"]
  revision = "1e2f10eb65743fed02f573d31a4587de09afb20e"

[[projects]]
  name = "github.com/docker/docker"
  packages = ["api","api/types","api/types/blkiodev","api/types/container","api/types/events","api/types/filters","api/types/image","api/types/mount","api/types/network","api/types/registry","api/types/strslice","api/types/swarm","api/types/time","api/types/versions","api/types/volume","client","pkg/ioutils","pkg/longpath","pkg/mount","pkg/system","pkg/tlsconfig"]
  revision = "c307f4521edc58df347897c84159f25606cae597"

[[projects]]
  name = "github.com/docker/go-connections"
  packages = ["nat","sockets","tlsconfig"]
  revision = "e15c02316c12de00874640cd76311849de2aeed5"

[[projects]]
  name = "github.com/docker/go-units"
  packages = ["."]
  revision = "0dadbb0345b35ec7ef35e228dabb8de89a65bf52"

[[projects]]
  branch = "master"
  name = "github.com/docker/libtrust"
  packages = ["."]
  revision = "aabc10ec26b754e797f9028f4589c5b7bd90dc20"

[[projects]]
  name = "github.com/dustin/go-humanize"
  packages = ["."]
  revision = "8929fe90cee4b2cb9deb468b51fb34eba64d1bf0"

[[projects]]
  name = "github.com/go-ini/ini"
  packages = ["."]
  revision = "afbd495e5aaea13597b5e14fe514ddeaa4d76fc3"
  version = "v1.8.6"

[[projects]]
  name = "github.com/gorilla/context"
  packages = ["."]
  revision = "08b5f424b9271eedf6f9f0ce86cb9396ed337a42"

[[projects]]
  name = "github.com/gorilla/mux"
  packages = ["."]
  revision = "043ee6597c29786140136a5747b6a886364f5282"

[[projects]]
  name = "github.com/gorilla/websocket"
  packages = ["."]
  revision = "e2e3d8414d0fbae04004f151979f4e27c6747fe7"

[[projects]]
  name = "github.com/jmespath/go-jmespath"
  packages = ["."]
  revision = "c01cf91b011868172fdcd9f41838e80c9d716264"

[[projects]]
  name = "github.com/mattn/go-isatty"
  packages = ["."]
  revision = "fc9e8d8ef48496124e79ae0df75490096eccf6fe"
  version = "v0.0.2"

[[projects]]
  name = "github.com/mattn/go-runewidth"
  packages = ["."]
  revision = "e882a96ec18dd43fa283187b66af74497c9101c0"

[[projects]]
  name = "github.com/nsf/termbox-go"
  packages = ["."]
  revision = "362329b0aa6447eadd52edd8d660ec1dff470295"

[[projects]]
  name = "github.com/opencontainers/go-digest"
  packages = ["."]
  revision = "eaa60544f31ccf3b0653b1a118b76d33418ff41b"

[[projects]]
  name = "github.com/pkg/errors"
  packages = ["."]
  revision = "c605e284fe17294bda444b34710735b29d1a9d90"

[[projects]]
  name = "github.com/pmezard/go-difflib"
  packages = ["difflib"]
  revision = "792786c7400a136282c1664665ae0a8db921c6c2"
  version = "v1.0.0"

[[projects]]
  name = "github.com/satori/go.uuid"
  packages = ["."]
  revision = "d41af8bb6a7704f00bc3b7cba9355ae6a5a80048"

[[projects]]
  branch = "master"
  name = "github.com/spf13/afero"
  packages = [".","mem"]
  revision = "9be650865eab0c12963d8753212f4f9c66cdcf12"

[[projects]]
  name = "github.com/streadway/amqp"
  packages = ["."]
  revision = "dfe15e36048539f4cda41f240b27a5ca25b9cd46"

[[projects]]
  name = "github.com/stretchr/testify"
  packages = ["assert"]
  revision = "f390dcf405f7b83c997eac1b06768bb9f44dec18"
  version = "v1.1.3"

[[projects]]
  branch = "master"
  name = "golang.org/x/crypto"
  packages = ["ssh/terminal"]
  revision = "4d70248d17d12d1edb7153434a74001c1540938b"

[[projects]]
  name = "golang.org/x/net"
  packages = ["context","context/ctxhttp","proxy"]
  revision = "da118f7b8e5954f39d0d2130ab35d4bf0e3cb344"

[[projects]]
  name = "golang.org/x/sys"
  packages = ["unix","windows"]
  revision = "b90f89a1e7a9c1f6b918820b3daa7f08488c8594"

[[projects]]
  branch = "master"
  name = "golang.org/x/text"
  packages = ["internal/gen","internal/triegen","internal/ucd","transform","unicode/cldr","unicode/norm"]
  revision = "cfdf022e86b4ecfb646e1efbd7db175dd623a8fa"

[[projects]]
  name = "gopkg.in/alecthomas/kingpin.v2"
  packages = ["."]
  revision = "e9044be3ab2a8e11d4e1f418d12f0790d57e8d70"
  version = "v2.2.3"

[[projects]]
  name = "gopkg.in/ini.v1"
  packages = ["."]
  revision = "e7fea39b01aea8d5671f6858f0532f56e8bff3a5"
  version = "v1.27.0"

[[projects]]
  name = "gopkg.in/matryer/try.v1"
  packages = ["."]
  revision = "312d2599e12e89ca89b52a09597394f449235d80"
  version = "v1"

[solve-meta]
  analyzer-name = "dep"
  analyzer-version = 1
  inputs-digest = "b4a7c82ef87e35e38f64abecf1640fa6fb5934a7e91714af11cf954dbff0e631"
  solver-name = "gps-cdcl"
  solver-version = 1
